Microsoft Visual Studio Solution File, Format Version 11.00
# Visual Studio 2008

Project("{D2FA91DD-6EEB-38E7-A0F0-E39BD25D76A6}") = "Supernatural", "Assembly-CSharp.csproj", "{428D31E8-0470-8138-5366-34B3B93F8C4D}"
EndProject
Global
	GlobalSection(SolutionConfigurationPlatforms) = preSolution
		Debug|Any CPU = Debug|Any CPU
		Release|Any CPU = Release|Any CPU
	EndGlobalSection
	GlobalSection(ProjectConfigurationPlatforms) = postSolution
		{428D31E8-0470-8138-5366-34B3B93F8C4D}.Debug|Any CPU.ActiveCfg = Debug|Any CPU
		{428D31E8-0470-8138-5366-34B3B93F8C4D}.Debug|Any CPU.Build.0 = Debug|Any CPU
		{428D31E8-0470-8138-5366-34B3B93F8C4D}.Release|Any CPU.ActiveCfg = Release|Any CPU
		{428D31E8-0470-8138-5366-34B3B93F8C4D}.Release|Any CPU.Build.0 = Release|Any CPU
	EndGlobalSection
	GlobalSection(SolutionProperties) = preSolution
		HideSolutionNode = FALSE
	EndGlobalSection
	GlobalSection(MonoDevelopProperties) = preSolution
		StartupItem = Assembly-CSharp.csproj
	EndGlobalSection
EndGlobal
